<?xml version="1.0" encoding="utf-8"?>
<Project ToolsVersion="4.0" xmlns="http://schemas.microsoft.com/developer/msbuild/2003">
  <ItemGroup>
    <Filter Include="Source Files">
      <UniqueIdentifier>{4FC737F1-C7A5-4376-A066-2A32D752A2FF}</UniqueIdentifier>
      <Extensions>cpp;cxx;c;def</Extensions>
    </Filter>
    <Filter Include="Header Files">
      <UniqueIdentifier>{93995380-89BD-4b04-88EB-625FBE52EBFB}</UniqueIdentifier>
      <Extensions>h</Extensions>
    </Filter>
    <Filter Include="Form Files">
      <UniqueIdentifier>{99349809-55BA-4b9d-BF79-8FDBB0286EB3}</UniqueIdentifier>
      <Extensions>ui</Extensions>
    </Filter>
    <Filter Include="Resource Files">
      <UniqueIdentifier>{D9D6E242-F8AF-46E4-B9FD-80ECBC20BA3E}</UniqueIdentifier>
      <Extensions>qrc;*</Extensions>
      <ParseFiles>false</ParseFiles>
    </Filter>
    <Filter Include="Generated Files">
      <UniqueIdentifier>{71ED8ED8-ACB9-4CE9-BBE1-E00B30144E11}</UniqueIdentifier>
      <Extensions>moc;h;cpp</Extensions>
      <SourceControlFiles>False</SourceControlFiles>
    </Filter>
    <Filter Include="Generated Files\Debug">
      <UniqueIdentifier>{27344ba7-b902-46f7-a48b-5d865307e500}</UniqueIdentifier>
      <Extensions>cpp;moc</Extensions>
      <SourceControlFiles>False</SourceControlFiles>
    </Filter>
    <Filter Include="Generated Files\Release">
      <UniqueIdentifier>{72ad8769-9df3-46fb-9970-22770703e77b}</UniqueIdentifier>
      <Extensions>cpp;moc</Extensions>
      <SourceControlFiles>False</SourceControlFiles>
    </Filter>
    <Filter Include="Algorithm">
      <UniqueIdentifier>{aa63d73b-05eb-4a6d-9955-c87790019db6}</UniqueIdentifier>
    </Filter>
    <Filter Include="Helper">
      <UniqueIdentifier>{0ee4c494-ac58-4f0f-a2e1-f6a2bce6d6b0}</UniqueIdentifier>
    </Filter>
    <Filter Include="UI">
      <UniqueIdentifier>{f9dfeeda-e279-4113-b082-9c74963907a9}</UniqueIdentifier>
    </Filter>
    <Filter Include="Generated Files\Release_debug">
      <UniqueIdentifier>{360e76fe-f104-4e37-98c5-3a6085fc6af4}</UniqueIdentifier>
      <Extensions>cpp;moc</Extensions>
      <SourceControlFiles>False</SourceControlFiles>
    </Filter>
    <Filter Include="Poisson">
      <UniqueIdentifier>{1d280414-d4ea-4cae-b569-8a85e11ed8ad}</UniqueIdentifier>
    </Filter>
    <Filter Include="Algorithm\ITMLib">
      <UniqueIdentifier>{41462aee-4714-4b92-960c-e4828e2f32f6}</UniqueIdentifier>
    </Filter>
    <Filter Include="Algorithm\ITMLib\Engine">
      <UniqueIdentifier>{4de40b93-8427-484d-8a17-de68a9a88e56}</UniqueIdentifier>
    </Filter>
    <Filter Include="Algorithm\ITMLib\Objects">
      <UniqueIdentifier>{8d369526-ac66-46f2-b250-ad1a5e017173}</UniqueIdentifier>
    </Filter>
    <Filter Include="Algorithm\ITMLib\Utils">
      <UniqueIdentifier>{d2a64009-f84e-42e6-b8f7-810db362092a}</UniqueIdentifier>
    </Filter>
    <Filter Include="Algorithm\ITMLib\Engine\DeviceAgnostic">
      <UniqueIdentifier>{b0a6d911-74e3-4cd0-9a9d-74baa206082c}</UniqueIdentifier>
    </Filter>
    <Filter Include="Algorithm\ITMLib\Engine\DeviceSpecific">
      <UniqueIdentifier>{914d4621-cd0e-4fbe-b308-4842d902440c}</UniqueIdentifier>
    </Filter>
    <Filter Include="Algorithm\ITMLib\Engine\DeviceSpecific\CPU">
      <UniqueIdentifier>{0b1760f3-bd57-4391-81fd-2340d0071a4f}</UniqueIdentifier>
    </Filter>
    <Filter Include="Algorithm\ITMLib\Engine\DeviceSpecific\CUDA">
      <UniqueIdentifier>{88700af5-db39-4898-bef6-d9c98ab7b4cc}</UniqueIdentifier>
    </Filter>
    <Filter Include="Algorithm\ITMLib\Engine\Trackers">
      <UniqueIdentifier>{a0bbf1b8-ffb7-4c7a-901d-68d6179685d1}</UniqueIdentifier>
    </Filter>
  </ItemGroup>
  <ItemGroup>
    <ClCompile Include="main.cpp">
      <Filter>Source Files</Filter>
    </ClCompile>
    <ClCompile Include="mainwindow.cpp">
      <Filter>Source Files</Filter>
    </ClCompile>
    <ClCompile Include="GeneratedFiles\qrc_mainwindow.cpp">
      <Filter>Generated Files</Filter>
    </ClCompile>
    <ClCompile Include="GLArea.cpp">
      <Filter>Source Files</Filter>
    </ClCompile>
    <ClCompile Include="Parameter.cpp">
      <Filter>Source Files</Filter>
    </ClCompile>
    <ClCompile Include="ParameterMgr.cpp">
      <Filter>Source Files</Filter>
    </ClCompile>
    <ClCompile Include="DataMgr.cpp">
      <Filter>Source Files</Filter>
    </ClCompile>
    <ClCompile Include="GLDrawer.cpp">
      <Filter>Source Files</Filter>
    </ClCompile>
    <ClCompile Include="GlobalFunction.cpp">
      <Filter>Source Files</Filter>
    </ClCompile>
    <ClCompile Include="grid.cpp">
      <Filter>Source Files</Filter>
    </ClCompile>
    <ClCompile Include="UI\std_para_dlg.cpp">
      <Filter>UI</Filter>
    </ClCompile>
    <ClCompile Include="Algorithm\NormalSmoother.cpp">
      <Filter>Algorithm</Filter>
    </ClCompile>
    <ClCompile Include="plylib.cpp">
      <Filter>Helper</Filter>
    </ClCompile>
    <ClCompile Include="trackball.cpp">
      <Filter>Helper</Filter>
    </ClCompile>
    <ClCompile Include="trackmode.cpp">
      <Filter>Helper</Filter>
    </ClCompile>
    <ClCompile Include="Console.cpp">
      <Filter>Helper</Filter>
    </ClCompile>
    <ClCompile Include="GeneratedFiles\Debug\moc_std_para_dlg.cpp">
      <Filter>Generated Files\Debug</Filter>
    </ClCompile>
    <ClCompile Include="GeneratedFiles\Release\moc_std_para_dlg.cpp">
      <Filter>Generated Files\Release</Filter>
    </ClCompile>
    <ClCompile Include="GeneratedFiles\Release_debug\moc_std_para_dlg.cpp">
      <Filter>Generated Files\Release_debug</Filter>
    </ClCompile>
    <ClCompile Include="GeneratedFiles\Debug\moc_mainwindow.cpp">
      <Filter>Generated Files\Debug</Filter>
    </ClCompile>
    <ClCompile Include="GeneratedFiles\Release\moc_mainwindow.cpp">
      <Filter>Generated Files\Release</Filter>
    </ClCompile>
    <ClCompile Include="GeneratedFiles\Release_debug\moc_mainwindow.cpp">
      <Filter>Generated Files\Release_debug</Filter>
    </ClCompile>
    <ClCompile Include="GeneratedFiles\Debug\moc_GLArea.cpp">
      <Filter>Generated Files\Debug</Filter>
    </ClCompile>
    <ClCompile Include="GeneratedFiles\Release\moc_GLArea.cpp">
      <Filter>Generated Files\Release</Filter>
    </ClCompile>
    <ClCompile Include="GeneratedFiles\Release_debug\moc_GLArea.cpp">
      <Filter>Generated Files\Release_debug</Filter>
    </ClCompile>
    <ClCompile Include="Poisson\Factor.cpp">
      <Filter>Poisson</Filter>
    </ClCompile>
    <ClCompile Include="Poisson\Geometry.cpp">
      <Filter>Poisson</Filter>
    </ClCompile>
    <ClCompile Include="Poisson\MarchingCubes.cpp">
      <Filter>Poisson</Filter>
    </ClCompile>
    <ClCompile Include="Poisson\MultiGridOctest.cpp">
      <Filter>Poisson</Filter>
    </ClCompile>
    <ClCompile Include="Algorithm\Poisson.cpp">
      <Filter>Algorithm</Filter>
    </ClCompile>
    <ClCompile Include="UI\dlg_poisson_para.cpp">
      <Filter>UI</Filter>
    </ClCompile>
    <ClCompile Include="GeneratedFiles\Debug\moc_dlg_poisson_para.cpp">
      <Filter>Generated Files\Debug</Filter>
    </ClCompile>
    <ClCompile Include="GeneratedFiles\Release_debug\moc_dlg_poisson_para.cpp">
      <Filter>Generated Files\Release_debug</Filter>
    </ClCompile>
    <ClCompile Include="GeneratedFiles\Release\moc_dlg_poisson_para.cpp">
      <Filter>Generated Files\Release</Filter>
    </ClCompile>
    <ClCompile Include="coordinateframe.cpp">
      <Filter>Helper</Filter>
    </ClCompile>
    <ClCompile Include="UI\dlg_camera_para.cpp">
      <Filter>UI</Filter>
    </ClCompile>
    <ClCompile Include="GeneratedFiles\Debug\moc_dlg_camera_para.cpp">
      <Filter>Generated Files\Debug</Filter>
    </ClCompile>
    <ClCompile Include="GeneratedFiles\Release_debug\moc_dlg_camera_para.cpp">
      <Filter>Generated Files\Release_debug</Filter>
    </ClCompile>
    <ClCompile Include="GeneratedFiles\Release\moc_dlg_camera_para.cpp">
      <Filter>Generated Files\Release</Filter>
    </ClCompile>
    <ClCompile Include="Poisson\PlyFile.cpp">
      <Filter>Poisson</Filter>
    </ClCompile>
    <ClCompile Include="Algorithm\Camera.cpp">
      <Filter>Algorithm</Filter>
    </ClCompile>
    <ClCompile Include="Algorithm\NBV.cpp">
      <Filter>Algorithm</Filter>
    </ClCompile>
    <ClCompile Include="Poisson\PTime.cpp">
      <Filter>Poisson</Filter>
    </ClCompile>
    <ClCompile Include="OneKeyNBVBack.cpp">
      <Filter>Source Files</Filter>
    </ClCompile>
    <ClCompile Include="GeneratedFiles\Debug\moc_OneKeyNBVBack.cpp">
      <Filter>Generated Files\Debug</Filter>
    </ClCompile>
    <ClCompile Include="GeneratedFiles\Release_debug\moc_OneKeyNBVBack.cpp">
      <Filter>Generated Files\Release_debug</Filter>
    </ClCompile>
    <ClCompile Include="GeneratedFiles\Release\moc_OneKeyNBVBack.cpp">
      <Filter>Generated Files\Release</Filter>
    </ClCompile>
    <ClCompile Include="Algorithm\ITMLib\Engine\ITMMainEngine.cpp">
      <Filter>Algorithm\ITMLib\Engine</Filter>
    </ClCompile>
    <ClCompile Include="Algorithm\ITMLib\Engine\ITMTrackerFactory.cpp">
      <Filter>Algorithm\ITMLib\Engine</Filter>
    </ClCompile>
    <ClCompile Include="Algorithm\ITMLib\Engine\ITMVisualisationEngine.cpp">
      <Filter>Algorithm\ITMLib\Engine</Filter>
    </ClCompile>
    <ClCompile Include="Algorithm\ITMLib\Engine\DeviceSpecific\CPU\ITMColorTracker_CPU.cpp">
      <Filter>Algorithm\ITMLib\Engine\DeviceSpecific\CPU</Filter>
    </ClCompile>
    <ClCompile Include="Algorithm\ITMLib\Engine\DeviceSpecific\CPU\ITMDepthTracker_CPU.cpp">
      <Filter>Algorithm\ITMLib\Engine\DeviceSpecific\CPU</Filter>
    </ClCompile>
    <ClCompile Include="Algorithm\ITMLib\Engine\DeviceSpecific\CPU\ITMLowLevelEngine_CPU.cpp">
      <Filter>Algorithm\ITMLib\Engine\DeviceSpecific\CPU</Filter>
    </ClCompile>
    <ClCompile Include="Algorithm\ITMLib\Engine\DeviceSpecific\CPU\ITMRenTracker_CPU.cpp">
      <Filter>Algorithm\ITMLib\Engine\DeviceSpecific\CPU</Filter>
    </ClCompile>
    <ClCompile Include="Algorithm\ITMLib\Engine\DeviceSpecific\CPU\ITMSceneReconstructionEngine_CPU.cpp">
      <Filter>Algorithm\ITMLib\Engine\DeviceSpecific\CPU</Filter>
    </ClCompile>
    <ClCompile Include="Algorithm\ITMLib\Engine\DeviceSpecific\CPU\ITMSwappingEngine_CPU.cpp">
      <Filter>Algorithm\ITMLib\Engine\DeviceSpecific\CPU</Filter>
    </ClCompile>
    <ClCompile Include="Algorithm\ITMLib\Engine\DeviceSpecific\CPU\ITMVisualisationEngine_CPU.cpp">
      <Filter>Algorithm\ITMLib\Engine\DeviceSpecific\CPU</Filter>
    </ClCompile>
    <ClCompile Include="Algorithm\ITMLib\Objects\ITMDisparityCalib.cpp">
      <Filter>Algorithm\ITMLib\Objects</Filter>
    </ClCompile>
    <ClCompile Include="Algorithm\ITMLib\Objects\ITMIntrinsics.cpp">
      <Filter>Algorithm\ITMLib\Objects</Filter>
    </ClCompile>
    <ClCompile Include="Algorithm\ITMLib\Objects\ITMPose.cpp">
      <Filter>Algorithm\ITMLib\Objects</Filter>
    </ClCompile>
    <ClCompile Include="Algorithm\ITMLib\Utils\ITMCalibIO.cpp">
      <Filter>Algorithm\ITMLib\Utils</Filter>
    </ClCompile>
    <ClCompile Include="Algorithm\ITMLib\Utils\ITMLibSettings.cpp">
      <Filter>Algorithm\ITMLib\Utils</Filter>
    </ClCompile>
    <ClCompile Include="Algorithm\ITMLib\Engine\ITMColorTracker.cpp">
      <Filter>Algorithm\ITMLib\Engine\Trackers</Filter>
    </ClCompile>
    <ClCompile Include="Algorithm\ITMLib\Engine\ITMDepthTracker.cpp">
      <Filter>Algorithm\ITMLib\Engine\Trackers</Filter>
    </ClCompile>
    <ClCompile Include="Algorithm\ITMLib\Engine\ITMRenTracker.cpp">
      <Filter>Algorithm\ITMLib\Engine\Trackers</Filter>
    </ClCompile>
  </ItemGroup>
  <ItemGroup>
    <CustomBuild Include="mainwindow.h">
      <Filter>Header Files</Filter>
    </CustomBuild>
    <CustomBuild Include="mainwindow.ui">
      <Filter>Form Files</Filter>
    </CustomBuild>
    <CustomBuild Include="mainwindow.qrc">
      <Filter>Resource Files</Filter>
    </CustomBuild>
    <CustomBuild Include="GLArea.h">
      <Filter>Header Files</Filter>
    </CustomBuild>
    <CustomBuild Include="UI\std_para_dlg.h">
      <Filter>UI</Filter>
    </CustomBuild>
    <CustomBuild Include="UI\dlg_poisson_para.h">
      <Filter>UI</Filter>
    </CustomBuild>
    <CustomBuild Include="UI\poisson_para.ui">
      <Filter>Form Files</Filter>
    </CustomBuild>
    <CustomBuild Include="UI\dlg_camera_para.h">
      <Filter>UI</Filter>
    </CustomBuild>
    <CustomBuild Include="UI\camera_para.ui">
      <Filter>Form Files</Filter>
    </CustomBuild>
    <CustomBuild Include="OneKeyNBVBack.h">
      <Filter>Header Files</Filter>
    </CustomBuild>
  </ItemGroup>
  <ItemGroup>
    <ClInclude Include="GeneratedFiles\ui_mainwindow.h">
      <Filter>Generated Files</Filter>
    </ClInclude>
    <ClInclude Include="CMesh.h">
      <Filter>Header Files</Filter>
    </ClInclude>
    <ClInclude Include="Parameter.h">
      <Filter>Header Files</Filter>
    </ClInclude>
    <ClInclude Include="ParameterMgr.h">
      <Filter>Header Files</Filter>
    </ClInclude>
    <ClInclude Include="DataMgr.h">
      <Filter>Header Files</Filter>
    </ClInclude>
    <ClInclude Include="GLDrawer.h">
      <Filter>Header Files</Filter>
    </ClInclude>
    <ClInclude Include="GlobalFunction.h">
      <Filter>Header Files</Filter>
    </ClInclude>
    <ClInclude Include="grid.h">
      <Filter>Header Files</Filter>
    </ClInclude>
    <ClInclude Include="Algorithm\PointCloudAlgorithm.h">
      <Filter>Algorithm</Filter>
    </ClInclude>
    <ClInclude Include="Algorithm\normal_extrapolation.h">
      <Filter>Algorithm</Filter>
    </ClInclude>
    <ClInclude Include="Algorithm\NormalSmoother.h">
      <Filter>Algorithm</Filter>
    </ClInclude>
    <ClInclude Include="Algorithm\anistropicPCA_Normal.h">
      <Filter>Algorithm</Filter>
    </ClInclude>
    <ClInclude Include="plylib.h">
      <Filter>Helper</Filter>
    </ClInclude>
    <ClInclude Include="plystuff.h">
      <Filter>Helper</Filter>
    </ClInclude>
    <ClInclude Include="trackball.h">
      <Filter>Helper</Filter>
    </ClInclude>
    <ClInclude Include="trackmode.h">
      <Filter>Helper</Filter>
    </ClInclude>
    <ClInclude Include="Console.h">
      <Filter>Helper</Filter>
    </ClInclude>
    <ClInclude Include="Poisson\Allocator.h">
      <Filter>Poisson</Filter>
    </ClInclude>
    <ClInclude Include="Poisson\BinaryNode.h">
      <Filter>Poisson</Filter>
    </ClInclude>
    <ClInclude Include="Poisson\Factor.h">
      <Filter>Poisson</Filter>
    </ClInclude>
    <ClInclude Include="Poisson\FunctionData.h">
      <Filter>Poisson</Filter>
    </ClInclude>
    <ClInclude Include="Poisson\Geometry.h">
      <Filter>Poisson</Filter>
    </ClInclude>
    <ClInclude Include="Poisson\Hash.h">
      <Filter>Poisson</Filter>
    </ClInclude>
    <ClInclude Include="Poisson\MarchingCubes.h">
      <Filter>Poisson</Filter>
    </ClInclude>
    <ClInclude Include="Poisson\MultiGridOctreeData.h">
      <Filter>Poisson</Filter>
    </ClInclude>
    <ClInclude Include="Poisson\Octree.h">
      <Filter>Poisson</Filter>
    </ClInclude>
    <ClInclude Include="Poisson\PoissonParam.h">
      <Filter>Poisson</Filter>
    </ClInclude>
    <ClInclude Include="Poisson\Polynomial.h">
      <Filter>Poisson</Filter>
    </ClInclude>
    <ClInclude Include="Poisson\PPolynomial.h">
      <Filter>Poisson</Filter>
    </ClInclude>
    <ClInclude Include="Poisson\SparseMatrix.h">
      <Filter>Poisson</Filter>
    </ClInclude>
    <ClInclude Include="Poisson\Vector.h">
      <Filter>Poisson</Filter>
    </ClInclude>
    <ClInclude Include="Algorithm\Poisson.h">
      <Filter>Algorithm</Filter>
    </ClInclude>
    <ClInclude Include="GeneratedFiles\ui_poisson_para.h">
      <Filter>Generated Files</Filter>
    </ClInclude>
    <ClInclude Include="coordinateframe.h">
      <Filter>Helper</Filter>
    </ClInclude>
    <ClInclude Include="Poisson\BSplineData.h">
      <Filter>Poisson</Filter>
    </ClInclude>
    <ClInclude Include="Poisson\MAT.h">
      <Filter>Poisson</Filter>
    </ClInclude>
    <ClInclude Include="Poisson\Ply.h">
      <Filter>Poisson</Filter>
    </ClInclude>
    <ClInclude Include="Poisson\PlyFile.h">
      <Filter>Poisson</Filter>
    </ClInclude>
    <ClInclude Include="Poisson\PointStream.h">
      <Filter>Poisson</Filter>
    </ClInclude>
    <ClInclude Include="Poisson\Array.h">
      <Filter>Poisson</Filter>
    </ClInclude>
    <ClInclude Include="Algorithm\Camera.h">
      <Filter>Algorithm</Filter>
    </ClInclude>
    <ClInclude Include="Algorithm\NBV.h">
      <Filter>Algorithm</Filter>
    </ClInclude>
    <ClInclude Include="Poisson\MemoryUsage.h">
      <Filter>Poisson</Filter>
    </ClInclude>
    <ClInclude Include="GeneratedFiles\ui_camera_para.h">
      <Filter>Generated Files</Filter>
    </ClInclude>
    <ClInclude Include="Algorithm\pointcloud_normal.h">
      <Filter>Algorithm</Filter>
    </ClInclude>
    <ClInclude Include="Algorithm\ITMLib\ITMLib.h">
      <Filter>Algorithm\ITMLib</Filter>
    </ClInclude>
    <ClInclude Include="Algorithm\ITMLib\Engine\ITMLowLevelEngine.h">
      <Filter>Algorithm\ITMLib\Engine</Filter>
    </ClInclude>
    <ClInclude Include="Algorithm\ITMLib\Engine\ITMMainEngine.h">
      <Filter>Algorithm\ITMLib\Engine</Filter>
    </ClInclude>
    <ClInclude Include="Algorithm\ITMLib\Engine\ITMSceneReconstructionEngine.h">
      <Filter>Algorithm\ITMLib\Engine</Filter>
    </ClInclude>
    <ClInclude Include="Algorithm\ITMLib\Engine\ITMSwappingEngine.h">
      <Filter>Algorithm\ITMLib\Engine</Filter>
    </ClInclude>
    <ClInclude Include="Algorithm\ITMLib\Engine\ITMTrackerFactory.h">
      <Filter>Algorithm\ITMLib\Engine</Filter>
    </ClInclude>
    <ClInclude Include="Algorithm\ITMLib\Engine\ITMVisualisationEngine.h">
      <Filter>Algorithm\ITMLib\Engine</Filter>
    </ClInclude>
    <ClInclude Include="Algorithm\ITMLib\Engine\DeviceAgnostic\ITMColorTracker.h">
      <Filter>Algorithm\ITMLib\Engine\DeviceAgnostic</Filter>
    </ClInclude>
    <ClInclude Include="Algorithm\ITMLib\Engine\DeviceAgnostic\ITMDepthTracker.h">
      <Filter>Algorithm\ITMLib\Engine\DeviceAgnostic</Filter>
    </ClInclude>
    <ClInclude Include="Algorithm\ITMLib\Engine\DeviceAgnostic\ITMLowLevelEngine.h">
      <Filter>Algorithm\ITMLib\Engine\DeviceAgnostic</Filter>
    </ClInclude>
    <ClInclude Include="Algorithm\ITMLib\Engine\DeviceAgnostic\ITMRenTracker.h">
      <Filter>Algorithm\ITMLib\Engine\DeviceAgnostic</Filter>
    </ClInclude>
    <ClInclude Include="Algorithm\ITMLib\Engine\DeviceAgnostic\ITMRepresentationAccess.h">
      <Filter>Algorithm\ITMLib\Engine\DeviceAgnostic</Filter>
    </ClInclude>
    <ClInclude Include="Algorithm\ITMLib\Engine\DeviceAgnostic\ITMSceneReconstructionEngine.h">
      <Filter>Algorithm\ITMLib\Engine\DeviceAgnostic</Filter>
    </ClInclude>
    <ClInclude Include="Algorithm\ITMLib\Engine\DeviceAgnostic\ITMSwappingEngine.h">
      <Filter>Algorithm\ITMLib\Engine\DeviceAgnostic</Filter>
    </ClInclude>
    <ClInclude Include="Algorithm\ITMLib\Engine\DeviceAgnostic\ITMVisualisationEngine.h">
      <Filter>Algorithm\ITMLib\Engine\DeviceAgnostic</Filter>
    </ClInclude>
    <ClInclude Include="Algorithm\ITMLib\Engine\DeviceSpecific\CPU\ITMColorTracker_CPU.h">
      <Filter>Algorithm\ITMLib\Engine\DeviceSpecific\CPU</Filter>
    </ClInclude>
    <ClInclude Include="Algorithm\ITMLib\Engine\DeviceSpecific\CPU\ITMDepthTracker_CPU.h">
      <Filter>Algorithm\ITMLib\Engine\DeviceSpecific\CPU</Filter>
    </ClInclude>
    <ClInclude Include="Algorithm\ITMLib\Engine\DeviceSpecific\CPU\ITMLowLevelEngine_CPU.h">
      <Filter>Algorithm\ITMLib\Engine\DeviceSpecific\CPU</Filter>
    </ClInclude>
    <ClInclude Include="Algorithm\ITMLib\Engine\DeviceSpecific\CPU\ITMRenTracker_CPU.h">
      <Filter>Algorithm\ITMLib\Engine\DeviceSpecific\CPU</Filter>
    </ClInclude>
    <ClInclude Include="Algorithm\ITMLib\Engine\DeviceSpecific\CPU\ITMSceneReconstructionEngine_CPU.h">
      <Filter>Algorithm\ITMLib\Engine\DeviceSpecific\CPU</Filter>
    </ClInclude>
    <ClInclude Include="Algorithm\ITMLib\Engine\DeviceSpecific\CPU\ITMSwappingEngine_CPU.h">
      <Filter>Algorithm\ITMLib\Engine\DeviceSpecific\CPU</Filter>
    </ClInclude>
    <ClInclude Include="Algorithm\ITMLib\Engine\DeviceSpecific\CPU\ITMVisualisationEngine_CPU.h">
      <Filter>Algorithm\ITMLib\Engine\DeviceSpecific\CPU</Filter>
    </ClInclude>
    <ClInclude Include="Algorithm\ITMLib\Engine\DeviceSpecific\CUDA\ITMColorTracker_CUDA.h">
      <Filter>Algorithm\ITMLib\Engine\DeviceSpecific\CUDA</Filter>
    </ClInclude>
    <ClInclude Include="Algorithm\ITMLib\Engine\DeviceSpecific\CUDA\ITMCUDADefines.h">
      <Filter>Algorithm\ITMLib\Engine\DeviceSpecific\CUDA</Filter>
    </ClInclude>
    <ClInclude Include="Algorithm\ITMLib\Engine\DeviceSpecific\CUDA\ITMCUDAUtils.h">
      <Filter>Algorithm\ITMLib\Engine\DeviceSpecific\CUDA</Filter>
    </ClInclude>
    <ClInclude Include="Algorithm\ITMLib\Engine\DeviceSpecific\CUDA\ITMDepthTracker_CUDA.h">
      <Filter>Algorithm\ITMLib\Engine\DeviceSpecific\CUDA</Filter>
    </ClInclude>
    <ClInclude Include="Algorithm\ITMLib\Engine\DeviceSpecific\CUDA\ITMLowLevelEngine_CUDA.h">
      <Filter>Algorithm\ITMLib\Engine\DeviceSpecific\CUDA</Filter>
    </ClInclude>
    <ClInclude Include="Algorithm\ITMLib\Engine\DeviceSpecific\CUDA\ITMRenTracker_CUDA.h">
      <Filter>Algorithm\ITMLib\Engine\DeviceSpecific\CUDA</Filter>
    </ClInclude>
    <ClInclude Include="Algorithm\ITMLib\Engine\DeviceSpecific\CUDA\ITMSceneReconstructionEngine_CUDA.h">
      <Filter>Algorithm\ITMLib\Engine\DeviceSpecific\CUDA</Filter>
    </ClInclude>
    <ClInclude Include="Algorithm\ITMLib\Engine\DeviceSpecific\CUDA\ITMSwappingEngine_CUDA.h">
      <Filter>Algorithm\ITMLib\Engine\DeviceSpecific\CUDA</Filter>
    </ClInclude>
    <ClInclude Include="Algorithm\ITMLib\Engine\DeviceSpecific\CUDA\ITMVisualisationEngine_CUDA.h">
      <Filter>Algorithm\ITMLib\Engine\DeviceSpecific\CUDA</Filter>
    </ClInclude>
    <ClInclude Include="Algorithm\ITMLib\Objects\ITMDisparityCalib.h">
      <Filter>Algorithm\ITMLib\Objects</Filter>
    </ClInclude>
    <ClInclude Include="Algorithm\ITMLib\Objects\ITMExtrinsics.h">
      <Filter>Algorithm\ITMLib\Objects</Filter>
    </ClInclude>
    <ClInclude Include="Algorithm\ITMLib\Objects\ITMGlobalCache.h">
      <Filter>Algorithm\ITMLib\Objects</Filter>
    </ClInclude>
    <ClInclude Include="Algorithm\ITMLib\Objects\ITMHashTable.h">
      <Filter>Algorithm\ITMLib\Objects</Filter>
    </ClInclude>
    <ClInclude Include="Algorithm\ITMLib\Objects\ITMImage.h">
      <Filter>Algorithm\ITMLib\Objects</Filter>
    </ClInclude>
    <ClInclude Include="Algorithm\ITMLib\Objects\ITMImageHierarchy.h">
      <Filter>Algorithm\ITMLib\Objects</Filter>
    </ClInclude>
    <ClInclude Include="Algorithm\ITMLib\Objects\ITMIntrinsics.h">
      <Filter>Algorithm\ITMLib\Objects</Filter>
    </ClInclude>
    <ClInclude Include="Algorithm\ITMLib\Objects\ITMLocalVBA.h">
      <Filter>Algorithm\ITMLib\Objects</Filter>
    </ClInclude>
    <ClInclude Include="Algorithm\ITMLib\Objects\ITMPlainVoxelArray.h">
      <Filter>Algorithm\ITMLib\Objects</Filter>
    </ClInclude>
    <ClInclude Include="Algorithm\ITMLib\Objects\ITMPointCloud.h">
      <Filter>Algorithm\ITMLib\Objects</Filter>
    </ClInclude>
    <ClInclude Include="Algorithm\ITMLib\Objects\ITMPose.h">
      <Filter>Algorithm\ITMLib\Objects</Filter>
    </ClInclude>
    <ClInclude Include="Algorithm\ITMLib\Objects\ITMRGBDCalib.h">
      <Filter>Algorithm\ITMLib\Objects</Filter>
    </ClInclude>
    <ClInclude Include="Algorithm\ITMLib\Objects\ITMScene.h">
      <Filter>Algorithm\ITMLib\Objects</Filter>
    </ClInclude>
    <ClInclude Include="Algorithm\ITMLib\Objects\ITMSceneHierarchyLevel.h">
      <Filter>Algorithm\ITMLib\Objects</Filter>
    </ClInclude>
    <ClInclude Include="Algorithm\ITMLib\Objects\ITMSceneParams.h">
      <Filter>Algorithm\ITMLib\Objects</Filter>
    </ClInclude>
    <ClInclude Include="Algorithm\ITMLib\Objects\ITMTemplatedHierarchyLevel.h">
      <Filter>Algorithm\ITMLib\Objects</Filter>
    </ClInclude>
    <ClInclude Include="Algorithm\ITMLib\Objects\ITMTrackingState.h">
      <Filter>Algorithm\ITMLib\Objects</Filter>
    </ClInclude>
    <ClInclude Include="Algorithm\ITMLib\Objects\ITMView.h">
      <Filter>Algorithm\ITMLib\Objects</Filter>
    </ClInclude>
    <ClInclude Include="Algorithm\ITMLib\Objects\ITMViewHierarchyLevel.h">
      <Filter>Algorithm\ITMLib\Objects</Filter>
    </ClInclude>
    <ClInclude Include="Algorithm\ITMLib\Objects\ITMVisualisationState.h">
      <Filter>Algorithm\ITMLib\Objects</Filter>
    </ClInclude>
    <ClInclude Include="Algorithm\ITMLib\Objects\ITMVoxelBlockHash.h">
      <Filter>Algorithm\ITMLib\Objects</Filter>
    </ClInclude>
    <ClInclude Include="Algorithm\ITMLib\Utils\ITMCalibIO.h">
      <Filter>Algorithm\ITMLib\Utils</Filter>
    </ClInclude>
    <ClInclude Include="Algorithm\ITMLib\Utils\ITMCholesky.h">
      <Filter>Algorithm\ITMLib\Utils</Filter>
    </ClInclude>
    <ClInclude Include="Algorithm\ITMLib\Utils\ITMLibDefines.h">
      <Filter>Algorithm\ITMLib\Utils</Filter>
    </ClInclude>
    <ClInclude Include="Algorithm\ITMLib\Utils\ITMLibSettings.h">
      <Filter>Algorithm\ITMLib\Utils</Filter>
    </ClInclude>
    <ClInclude Include="Algorithm\ITMLib\Utils\ITMMath.h">
      <Filter>Algorithm\ITMLib\Utils</Filter>
    </ClInclude>
    <ClInclude Include="Algorithm\ITMLib\Utils\ITMMatrix.h">
      <Filter>Algorithm\ITMLib\Utils</Filter>
    </ClInclude>
    <ClInclude Include="Algorithm\ITMLib\Utils\ITMPixelUtils.h">
      <Filter>Algorithm\ITMLib\Utils</Filter>
    </ClInclude>
    <ClInclude Include="Algorithm\ITMLib\Utils\ITMVector.h">
      <Filter>Algorithm\ITMLib\Utils</Filter>
    </ClInclude>
    <ClInclude Include="Algorithm\ITMLib\Engine\ITMColorTracker.h">
      <Filter>Algorithm\ITMLib\Engine\Trackers</Filter>
    </ClInclude>
    <ClInclude Include="Algorithm\ITMLib\Engine\ITMDepthTracker.h">
      <Filter>Algorithm\ITMLib\Engine\Trackers</Filter>
    </ClInclude>
    <ClInclude Include="Algorithm\ITMLib\Engine\ITMRenTracker.h">
      <Filter>Algorithm\ITMLib\Engine\Trackers</Filter>
    </ClInclude>
    <ClInclude Include="Algorithm\ITMLib\Engine\ITMTracker.h">
      <Filter>Algorithm\ITMLib\Engine\Trackers</Filter>
    </ClInclude>
  </ItemGroup>
  <ItemGroup>
    <None Include="Poisson\FunctionData.inl">
      <Filter>Poisson</Filter>
    </None>
    <None Include="Poisson\Geometry.inl">
      <Filter>Poisson</Filter>
    </None>
    <None Include="Poisson\MultiGridOctreeData.inl">
      <Filter>Poisson</Filter>
    </None>
    <None Include="Poisson\Octree.inl">
      <Filter>Poisson</Filter>
    </None>
    <None Include="Poisson\Polynomial.inl">
      <Filter>Poisson</Filter>
    </None>
    <None Include="Poisson\PPolynomial.inl">
      <Filter>Poisson</Filter>
    </None>
    <None Include="Poisson\SparseMatrix.inl">
      <Filter>Poisson</Filter>
    </None>
    <None Include="Poisson\Vector.inl">
      <Filter>Poisson</Filter>
    </None>
    <None Include="Poisson\BSplineData.inl">
      <Filter>Poisson</Filter>
    </None>
    <None Include="Poisson\MAT.inl">
      <Filter>Poisson</Filter>
    </None>
    <None Include="Poisson\PointStream.inl">
      <Filter>Poisson</Filter>
    </None>
    <None Include="Poisson\Array.inl">
      <Filter>Poisson</Filter>
    </None>
    <None Include="Algorithm\ITMLib\CMakeLists.txt">
      <Filter>Algorithm\ITMLib</Filter>
    </None>
  </ItemGroup>
  <ItemGroup>
    <CudaCompile Include="Algorithm\ITMLib\Engine\DeviceSpecific\CUDA\ITMColorTracker_CUDA.cu">
      <Filter>Algorithm\ITMLib\Engine\DeviceSpecific\CUDA</Filter>
    </CudaCompile>
    <CudaCompile Include="Algorithm\ITMLib\Engine\DeviceSpecific\CUDA\ITMVisualisationEngine_CUDA.cu">
      <Filter>Algorithm\ITMLib\Engine\DeviceSpecific\CUDA</Filter>
    </CudaCompile>
    <CudaCompile Include="Algorithm\ITMLib\Engine\DeviceSpecific\CUDA\ITMSwappingEngine_CUDA.cu">
      <Filter>Algorithm\ITMLib\Engine\DeviceSpecific\CUDA</Filter>
    </CudaCompile>
    <CudaCompile Include="Algorithm\ITMLib\Engine\DeviceSpecific\CUDA\ITMSceneReconstructionEngine_CUDA.cu">
      <Filter>Algorithm\ITMLib\Engine\DeviceSpecific\CUDA</Filter>
    </CudaCompile>
    <CudaCompile Include="Algorithm\ITMLib\Engine\DeviceSpecific\CUDA\ITMRenTracker_CUDA.cu">
      <Filter>Algorithm\ITMLib\Engine\DeviceSpecific\CUDA</Filter>
    </CudaCompile>
    <CudaCompile Include="Algorithm\ITMLib\Engine\DeviceSpecific\CUDA\ITMLowLevelEngine_CUDA.cu">
      <Filter>Algorithm\ITMLib\Engine\DeviceSpecific\CUDA</Filter>
    </CudaCompile>
    <CudaCompile Include="Algorithm\ITMLib\Engine\DeviceSpecific\CUDA\ITMDepthTracker_CUDA.cu">
      <Filter>Algorithm\ITMLib\Engine\DeviceSpecific\CUDA</Filter>
    </CudaCompile>
  </ItemGroup>
</Project>